lockfileVersion: '9.0'

settings:
  autoInstallPeers: true
  excludeLinksFromLockfile: false

importers:

  .:
    dependencies:
      posthog-node:
        specifier: ^5.51.2
        version: 5.51.4(rxjs@7.8.2)

packages:

  '@posthog/core@1.49.2':
    resolution: {integrity: sha512-AXHDo/4nisUg7OPG1TQNgREK7n+chBQXLQyttp7bDTDsDg2k9lV06TmnpvuNbwJs53q9mP9hjezKEZu4fYadfg==}

  '@posthog/types@1.407.1':
    resolution: {integrity: sha512-WhbkXPC2rgylXqmxHqv70ffI3k+KxyR6s7DBIfr5NvIqHkxp6v0pk31D/jbz0DNVbzwkLjyll2pxr4FNbJiYzg==}

  posthog-node@5.51.4:
    resolution: {integrity: sha512-gI6JMBnU3vjDNclUBWonw3y7k8Y0UPIAVO4AQ2zu9eyW+7sY8UQRofx4JIA7IGYLMEbs4gykfogOmXp16+oUdg==}
    engines: {node: ^20.20.0 || >=22.22.0}
    peerDependencies:
      rxjs: ^7.0.0
    peerDependenciesMeta:
      rxjs:
        optional: true

  rxjs@7.8.2:
    resolution: {integrity: sha512-dhKf903U/PQZY6boNNtAGdWbG85WAbjT/1xYoZIC7FAY0yWapOBQVsVrDl58W86//e1VpMNBtRV4MaXfdMySFA==}

  tslib@2.8.1:
    resolution: {integrity: sha512-oJFu94HQb+KVduSUQL7wnpmqnfmLsOA/nAh6b6EH0wCEoK0/mPeXU6c3wKDV83MkOuHPRHtSXKKU99IBazS/2w==}

snapshots:

  '@posthog/core@1.49.2':
    dependencies:
      '@posthog/types': 1.407.1

  '@posthog/types@1.407.1': {}

  posthog-node@5.51.4(rxjs@7.8.2):
    dependencies:
      '@posthog/core': 1.49.2
    optionalDependencies:
      rxjs: 7.8.2

  rxjs@7.8.2:
    dependencies:
      tslib: 2.8.1
    optional: true

  tslib@2.8.1:
    optional: true
